
Microsoft Visual Studio Solution File, Format Version 12.00
# Visual Studio Version 16
VisualStudioVersion = 16.0.31729.503
MinimumVisualStudioVersion = 10.0.40219.1
Project("{FAE04EC0-301F-11D3-BF4B-00C04F79EFBC}") = "usersBugredRu", "usersBugredRu\usersBugredRu.csproj", "{9488A5DC-FB36-4404-BE6F-B669DA69036C}"
EndProject
Global
	GlobalSection(SolutionConfigurationPlatforms) = preSolution
		Debug|Any CPU = Debug|Any CPU
		Release|Any CPU = Release|Any CPU
	EndGlobalSection
	GlobalSection(ProjectConfigurationPlatforms) = postSolution
		{9488A5DC-FB36-4404-BE6F-B669DA69036C}.Debug|Any CPU.ActiveCfg = Debug|Any CPU
		{9488A5DC-FB36-4404-BE6F-B669DA69036C}.Debug|Any CPU.Build.0 = Debug|Any CPU
		{9488A5DC-FB36-4404-BE6F-B669DA69036C}.Release|Any CPU.ActiveCfg = Release|Any CPU
		{9488A5DC-FB36-4404-BE6F-B669DA69036C}.Release|Any CPU.Build.0 = Release|Any CPU
	EndGlobalSection
	GlobalSection(SolutionProperties) = preSolution
		HideSolutionNode = FALSE
	EndGlobalSection
	GlobalSection(ExtensibilityGlobals) = postSolution
		SolutionGuid = {2B816294-AA34-4922-B6C9-651F74469DEF}
	EndGlobalSection
EndGlobal
